// !$*UTF8*$!
{
	archiveVersion = 1;
	classes = {
	};
	objectVersion = 55;
	objects = {

/* Begin PBXBuildFile section */
		EEE74EC4289E4372000E7CEE /* DFINERY_SDK.h in Headers */ = {isa = PBXBuildFile; fileRef = EEE74EC3289E4372000E7CEE /* DFINERY_SDK.h */; settings = {ATTRIBUTES = (Public, ); }; };
		EEE74EDD289E47F8000E7CEE /* GetEventRequest.swift in Sources */ = {isa = PBXBuildFile; fileRef = EEE74EDC289E47F8000E7CEE /* GetEventRequest.swift */; };
		EEE74EDF289E48BA000E7CEE /* GetEventResponse.swift in Sources */ = {isa = PBXBuildFile; fileRef = EEE74EDE289E48BA000E7CEE /* GetEventResponse.swift */; };
		EEE74EF3289E5108000E7CEE /* EvtRequest.swift in Sources */ = {isa = PBXBuildFile; fileRef = EEE74EF2289E5108000E7CEE /* EvtRequest.swift */; };
		EEE74EF5289E51E9000E7CEE /* CommonRequest.swift in Sources */ = {isa = PBXBuildFile; fileRef = EEE74EF4289E51E9000E7CEE /* CommonRequest.swift */; };
		EEE74EFC289E55A2000E7CEE /* ParamRequest.swift in Sources */ = {isa = PBXBuildFile; fileRef = EEE74EFB289E55A2000E7CEE /* ParamRequest.swift */; };
		EEE74EFE289E571D000E7CEE /* User_propertiesRequest.swift in Sources */ = {isa = PBXBuildFile; fileRef = EEE74EFD289E571D000E7CEE /* User_propertiesRequest.swift */; };
		EEE74F00289E5C30000E7CEE /* LocationRequest.swift in Sources */ = {isa = PBXBuildFile; fileRef = EEE74EFF289E5C30000E7CEE /* LocationRequest.swift */; };
		EEE74F02289E5D02000E7CEE /* Device_infoRequest.swift in Sources */ = {isa = PBXBuildFile; fileRef = EEE74F01289E5D02000E7CEE /* Device_infoRequest.swift */; };
		EEE74F04289E5D0C000E7CEE /* IdentityRequst.swift in Sources */ = {isa = PBXBuildFile; fileRef = EEE74F03289E5D0C000E7CEE /* IdentityRequst.swift */; };
		EEE74F06289E6990000E7CEE /* BaseURL.swift in Sources */ = {isa = PBXBuildFile; fileRef = EEE74F05289E6990000E7CEE /* BaseURL.swift */; };
		EEE74F08289E6BB6000E7CEE /* HTTPClient.swift in Sources */ = {isa = PBXBuildFile; fileRef = EEE74F07289E6BB6000E7CEE /* HTTPClient.swift */; };
		EEE74F0E289E6D81000E7CEE /* Remote.swift in Sources */ = {isa = PBXBuildFile; fileRef = EEE74F0D289E6D81000E7CEE /* Remote.swift */; };
		EEE74F10289E7A6B000E7CEE /* DfineryError.swift in Sources */ = {isa = PBXBuildFile; fileRef = EEE74F0F289E7A6B000E7CEE /* DfineryError.swift */; };
		EEE74F18289E7D65000E7CEE /* DefaultDfineryRepository.swift in Sources */ = {isa = PBXBuildFile; fileRef = EEE74F17289E7D65000E7CEE /* DefaultDfineryRepository.swift */; };
		EEE74F29289E88F0000E7CEE /* DfineryUseCase.swift in Sources */ = {isa = PBXBuildFile; fileRef = EEE74F28289E88F0000E7CEE /* DfineryUseCase.swift */; };
		EEE74F2B289E8DB9000E7CEE /* GetEventRequest.swift in Sources */ = {isa = PBXBuildFile; fileRef = EEE74F2A289E8DB9000E7CEE /* GetEventRequest.swift */; };
/* End PBXBuildFile section */

/* Begin PBXFileReference section */
		EEE74EC0289E4372000E7CEE /* DFINERY_SDK.framework */ = {isa = PBXFileReference; explicitFileType = wrapper.framework; includeInIndex = 0; path = DFINERY_SDK.framework; sourceTree = BUILT_PRODUCTS_DIR; };
		EEE74EC3289E4372000E7CEE /* DFINERY_SDK.h */ = {isa = PBXFileReference; lastKnownFileType = sourcecode.c.h; path = DFINERY_SDK.h; sourceTree = "<group>"; };
		EEE74EDC289E47F8000E7CEE /* GetEventRequest.swift */ = {isa = PBXFileReference; lastKnownFileType = sourcecode.swift; path = GetEventRequest.swift; sourceTree = "<group>"; };
		EEE74EDE289E48BA000E7CEE /* GetEventResponse.swift */ = {isa = PBXFileReference; lastKnownFileType = sourcecode.swift; path = GetEventResponse.swift; sourceTree = "<group>"; };
		EEE74EE0289E498F000E7CEE /* AddEventResponse.swift */ = {isa = PBXFileReference; lastKnownFileType = sourcecode.swift; path = AddEventResponse.swift; sourceTree = "<group>"; };
		EEE74EE1289E499A000E7CEE /* AddEventRequest.swift */ = {isa = PBXFileReference; lastKnownFileType = sourcecode.swift; path = AddEventRequest.swift; sourceTree = "<group>"; };
		EEE74EED289E4F9B000E7CEE /* .gitkeep */ = {isa = PBXFileReference; lastKnownFileType = text; path = .gitkeep; sourceTree = "<group>"; };
		EEE74EF2289E5108000E7CEE /* EvtRequest.swift */ = {isa = PBXFileReference; lastKnownFileType = sourcecode.swift; path = EvtRequest.swift; sourceTree = "<group>"; };
		EEE74EF4289E51E9000E7CEE /* CommonRequest.swift */ = {isa = PBXFileReference; lastKnownFileType = sourcecode.swift; path = CommonRequest.swift; sourceTree = "<group>"; };
		EEE74EFB289E55A2000E7CEE /* ParamRequest.swift */ = {isa = PBXFileReference; lastKnownFileType = sourcecode.swift; path = ParamRequest.swift; sourceTree = "<group>"; };
		EEE74EFD289E571D000E7CEE /* User_propertiesRequest.swift */ = {isa = PBXFileReference; lastKnownFileType = sourcecode.swift; path = User_propertiesRequest.swift; sourceTree = "<group>"; };
		EEE74EFF289E5C30000E7CEE /* LocationRequest.swift */ = {isa = PBXFileReference; lastKnownFileType = sourcecode.swift; path = LocationRequest.swift; sourceTree = "<group>"; };
		EEE74F01289E5D02000E7CEE /* Device_infoRequest.swift */ = {isa = PBXFileReference; lastKnownFileType = sourcecode.swift; path = Device_infoRequest.swift; sourceTree = "<group>"; };
		EEE74F03289E5D0C000E7CEE /* IdentityRequst.swift */ = {isa = PBXFileReference; lastKnownFileType = sourcecode.swift; path = IdentityRequst.swift; sourceTree = "<group>"; };
		EEE74F05289E6990000E7CEE /* BaseURL.swift */ = {isa = PBXFileReference; lastKnownFileType = sourcecode.swift; path = BaseURL.swift; sourceTree = "<group>"; };
		EEE74F07289E6BB6000E7CEE /* HTTPClient.swift */ = {isa = PBXFileReference; lastKnownFileType = sourcecode.swift; path = HTTPClient.swift; sourceTree = "<group>"; };
		EEE74F0C289E6CDA000E7CEE /* .gitkeep */ = {isa = PBXFileReference; lastKnownFileType = text; path = .gitkeep; sourceTree = "<group>"; };
		EEE74F0D289E6D81000E7CEE /* Remote.swift */ = {isa = PBXFileReference; lastKnownFileType = sourcecode.swift; path = Remote.swift; sourceTree = "<group>"; };
		EEE74F0F289E7A6B000E7CEE /* DfineryError.swift */ = {isa = PBXFileReference; lastKnownFileType = sourcecode.swift; path = DfineryError.swift; sourceTree = "<group>"; };
		EEE74F17289E7D65000E7CEE /* DefaultDfineryRepository.swift */ = {isa = PBXFileReference; lastKnownFileType = sourcecode.swift; path = DefaultDfineryRepository.swift; sourceTree = "<group>"; };
		EEE74F19289E7E8C000E7CEE /* AddEventRequest.swift */ = {isa = PBXFileReference; lastKnownFileType = sourcecode.swift; path = AddEventRequest.swift; sourceTree = "<group>"; };
		EEE74F28289E88F0000E7CEE /* DfineryUseCase.swift */ = {isa = PBXFileReference; lastKnownFileType = sourcecode.swift; path = DfineryUseCase.swift; sourceTree = "<group>"; };
		EEE74F2A289E8DB9000E7CEE /* GetEventRequest.swift */ = {isa = PBXFileReference; lastKnownFileType = sourcecode.swift; path = GetEventRequest.swift; sourceTree = "<group>"; };
/* End PBXFileReference section */

/* Begin PBXFrameworksBuildPhase section */
		EEE74EBD289E4372000E7CEE /* Frameworks */ = {
			isa = PBXFrameworksBuildPhase;
			buildActionMask = 2147483647;
			files = (
			);
			runOnlyForDeploymentPostprocessing = 0;
		};
/* End PBXFrameworksBuildPhase section */

/* Begin PBXGroup section */
		EEE74EB6289E4372000E7CEE = {
			isa = PBXGroup;
			children = (
				EEE74EC2289E4372000E7CEE /* DFINERY-SDK */,
				EEE74EC1289E4372000E7CEE /* Products */,
			);
			sourceTree = "<group>";
		};
		EEE74EC1289E4372000E7CEE /* Products */ = {
			isa = PBXGroup;
			children = (
				EEE74EC0289E4372000E7CEE /* DFINERY_SDK.framework */,
			);
			name = Products;
			sourceTree = "<group>";
		};
		EEE74EC2289E4372000E7CEE /* DFINERY-SDK */ = {
			isa = PBXGroup;
			children = (
				EEE74ECD289E44B4000E7CEE /* Service */,
				EEE74EC3289E4372000E7CEE /* DFINERY_SDK.h */,
			);
			path = "DFINERY-SDK";
			sourceTree = "<group>";
		};
		EEE74ECD289E44B4000E7CEE /* Service */ = {
			isa = PBXGroup;
			children = (
				EEE74F0A289E6CCE000E7CEE /* Repositories */,
				EEE74F09289E6CC5000E7CEE /* UseCase */,
				EEE74EE4289E4EC5000E7CEE /* Domain */,
				EEE74EE3289E4EC0000E7CEE /* Data */,
			);
			path = Service;
			sourceTree = "<group>";
		};
		EEE74ED3289E4675000E7CEE /* AddEvent */ = {
			isa = PBXGroup;
			children = (
				EEE74ED6289E4694000E7CEE /* Response */,
				EEE74ED5289E468D000E7CEE /* Request */,
			);
			path = AddEvent;
			sourceTree = "<group>";
		};
		EEE74ED4289E467F000E7CEE /* GetEvent */ = {
			isa = PBXGroup;
			children = (
				EEE74ED7289E469A000E7CEE /* Response */,
				EEE74ED8289E469A000E7CEE /* Request */,
			);
			path = GetEvent;
			sourceTree = "<group>";
		};
		EEE74ED5289E468D000E7CEE /* Request */ = {
			isa = PBXGroup;
			children = (
				EEE74EF1289E50F6000E7CEE /* common */,
				EEE74EF0289E50F0000E7CEE /* evt */,
				EEE74EE1289E499A000E7CEE /* AddEventRequest.swift */,
			);
			path = Request;
			sourceTree = "<group>";
		};
		EEE74ED6289E4694000E7CEE /* Response */ = {
			isa = PBXGroup;
			children = (
				EEE74EE0289E498F000E7CEE /* AddEventResponse.swift */,
			);
			path = Response;
			sourceTree = "<group>";
		};
		EEE74ED7289E469A000E7CEE /* Response */ = {
			isa = PBXGroup;
			children = (
				EEE74EDE289E48BA000E7CEE /* GetEventResponse.swift */,
			);
			path = Response;
			sourceTree = "<group>";
		};
		EEE74ED8289E469A000E7CEE /* Request */ = {
			isa = PBXGroup;
			children = (
				EEE74EDC289E47F8000E7CEE /* GetEventRequest.swift */,
			);
			path = Request;
			sourceTree = "<group>";
		};
		EEE74EE3289E4EC0000E7CEE /* Data */ = {
			isa = PBXGroup;
			children = (
				EEE74EE8289E4F6E000E7CEE /* DataSource */,
				EEE74EE6289E4F66000E7CEE /* API */,
				EEE74EE5289E4EDB000E7CEE /* DataMapping */,
			);
			path = Data;
			sourceTree = "<group>";
		};
		EEE74EE4289E4EC5000E7CEE /* Domain */ = {
			isa = PBXGroup;
			children = (
				EEE74EEC289E4F93000E7CEE /* Repositories */,
				EEE74EEB289E4F8C000E7CEE /* Error */,
				EEE74EEA289E4F84000E7CEE /* Entities */,
			);
			path = Domain;
			sourceTree = "<group>";
		};
		EEE74EE5289E4EDB000E7CEE /* DataMapping */ = {
			isa = PBXGroup;
			children = (
				EEE74ED4289E467F000E7CEE /* GetEvent */,
				EEE74ED3289E4675000E7CEE /* AddEvent */,
			);
			path = DataMapping;
			sourceTree = "<group>";
		};
		EEE74EE6289E4F66000E7CEE /* API */ = {
			isa = PBXGroup;
			children = (
				EEE74F05289E6990000E7CEE /* BaseURL.swift */,
				EEE74F07289E6BB6000E7CEE /* HTTPClient.swift */,
			);
			path = API;
			sourceTree = "<group>";
		};
		EEE74EE8289E4F6E000E7CEE /* DataSource */ = {
			isa = PBXGroup;
			children = (
				EEE74F0D289E6D81000E7CEE /* Remote.swift */,
			);
			path = DataSource;
			sourceTree = "<group>";
		};
		EEE74EEA289E4F84000E7CEE /* Entities */ = {
			isa = PBXGroup;
			children = (
				EEE74F12289E7AAC000E7CEE /* AddEvent */,
				EEE74F11289E7AA3000E7CEE /* GetEvent */,
				EEE74EED289E4F9B000E7CEE /* .gitkeep */,
			);
			path = Entities;
			sourceTree = "<group>";
		};
		EEE74EEB289E4F8C000E7CEE /* Error */ = {
			isa = PBXGroup;
			children = (
				EEE74F0F289E7A6B000E7CEE /* DfineryError.swift */,
			);
			path = Error;
			sourceTree = "<group>";
		};
		EEE74EEC289E4F93000E7CEE /* Repositories */ = {
			isa = PBXGroup;
			children = (
				EEE74F17289E7D65000E7CEE /* DefaultDfineryRepository.swift */,
			);
			path = Repositories;
			sourceTree = "<group>";
		};
		EEE74EF0289E50F0000E7CEE /* evt */ = {
			isa = PBXGroup;
			children = (
				EEE74EFA289E53BA000E7CEE /* user_properties */,
				EEE74EF9289E53B2000E7CEE /* param */,
				EEE74EF8289E53AD000E7CEE /* location */,
				EEE74EF2289E5108000E7CEE /* EvtRequest.swift */,
			);
			path = evt;
			sourceTree = "<group>";
		};
		EEE74EF1289E50F6000E7CEE /* common */ = {
			isa = PBXGroup;
			children = (
				EEE74EF7289E527A000E7CEE /* device_info */,
				EEE74EF6289E5272000E7CEE /* identity */,
				EEE74EF4289E51E9000E7CEE /* CommonRequest.swift */,
			);
			path = common;
			sourceTree = "<group>";
		};
		EEE74EF6289E5272000E7CEE /* identity */ = {
			isa = PBXGroup;
			children = (
				EEE74F03289E5D0C000E7CEE /* IdentityRequst.swift */,
			);
			path = identity;
			sourceTree = "<group>";
		};
		EEE74EF7289E527A000E7CEE /* device_info */ = {
			isa = PBXGroup;
			children = (
				EEE74F01289E5D02000E7CEE /* Device_infoRequest.swift */,
			);
			path = device_info;
			sourceTree = "<group>";
		};
		EEE74EF8289E53AD000E7CEE /* location */ = {
			isa = PBXGroup;
			children = (
				EEE74EFF289E5C30000E7CEE /* LocationRequest.swift */,
			);
			path = location;
			sourceTree = "<group>";
		};
		EEE74EF9289E53B2000E7CEE /* param */ = {
			isa = PBXGroup;
			children = (
				EEE74EFB289E55A2000E7CEE /* ParamRequest.swift */,
			);
			path = param;
			sourceTree = "<group>";
		};
		EEE74EFA289E53BA000E7CEE /* user_properties */ = {
			isa = PBXGroup;
			children = (
				EEE74EFD289E571D000E7CEE /* User_propertiesRequest.swift */,
			);
			path = user_properties;
			sourceTree = "<group>";
		};
		EEE74F09289E6CC5000E7CEE /* UseCase */ = {
			isa = PBXGroup;
			children = (
				EEE74F28289E88F0000E7CEE /* DfineryUseCase.swift */,
			);
			path = UseCase;
			sourceTree = "<group>";
		};
		EEE74F0A289E6CCE000E7CEE /* Repositories */ = {
			isa = PBXGroup;
			children = (
				EEE74F0C289E6CDA000E7CEE /* .gitkeep */,
			);
			path = Repositories;
			sourceTree = "<group>";
		};
		EEE74F11289E7AA3000E7CEE /* GetEvent */ = {
			isa = PBXGroup;
			children = (
				EEE74F16289E7CEE000E7CEE /* Request */,
				EEE74F15289E7CEE000E7CEE /* Response */,
			);
			path = GetEvent;
			sourceTree = "<group>";
		};
		EEE74F12289E7AAC000E7CEE /* AddEvent */ = {
			isa = PBXGroup;
			children = (
				EEE74F14289E7B1C000E7CEE /* Request */,
				EEE74F13289E7B15000E7CEE /* Response */,
			);
			path = AddEvent;
			sourceTree = "<group>";
		};
		EEE74F13289E7B15000E7CEE /* Response */ = {
			isa = PBXGroup;
			children = (
			);
			path = Response;
			sourceTree = "<group>";
		};
		EEE74F14289E7B1C000E7CEE /* Request */ = {
			isa = PBXGroup;
			children = (
				EEE74F19289E7E8C000E7CEE /* AddEventRequest.swift */,
			);
			path = Request;
			sourceTree = "<group>";
		};
		EEE74F15289E7CEE000E7CEE /* Response */ = {
			isa = PBXGroup;
			children = (
			);
			path = Response;
			sourceTree = "<group>";
		};
		EEE74F16289E7CEE000E7CEE /* Request */ = {
			isa = PBXGroup;
			children = (
				EEE74F2A289E8DB9000E7CEE /* GetEventRequest.swift */,
			);
			path = Request;
			sourceTree = "<group>";
		};
/* End PBXGroup section */

/* Begin PBXHeadersBuildPhase section */
		EEE74EBB289E4372000E7CEE /* Headers */ = {
			isa = PBXHeadersBuildPhase;
			buildActionMask = 2147483647;
			files = (
				EEE74EC4289E4372000E7CEE /* DFINERY_SDK.h in Headers */,
			);
			runOnlyForDeploymentPostprocessing = 0;
		};
/* End PBXHeadersBuildPhase section */

/* Begin PBXNativeTarget section */
		EEE74EBF289E4372000E7CEE /* DFINERY-SDK */ = {
			isa = PBXNativeTarget;
			buildConfigurationList = EEE74EC7289E4372000E7CEE /* Build configuration list for PBXNativeTarget "DFINERY-SDK" */;
			buildPhases = (
				EEE74EBB289E4372000E7CEE /* Headers */,
				EEE74EBC289E4372000E7CEE /* Sources */,
				EEE74EBD289E4372000E7CEE /* Frameworks */,
				EEE74EBE289E4372000E7CEE /* Resources */,
			);
			buildRules = (
			);
			dependencies = (
			);
			name = "DFINERY-SDK";
			productName = "DFINERY-SDK";
			productReference = EEE74EC0289E4372000E7CEE /* DFINERY_SDK.framework */;
			productType = "com.apple.product-type.framework";
		};
/* End PBXNativeTarget section */

/* Begin PBXProject section */
		EEE74EB7289E4372000E7CEE /* Project object */ = {
			isa = PBXProject;
			attributes = {
				BuildIndependentTargetsInParallel = 1;
				LastUpgradeCheck = 1340;
				TargetAttributes = {
					EEE74EBF289E4372000E7CEE = {
						CreatedOnToolsVersion = 13.4.1;
						LastSwiftMigration = 1340;
					};
				};
			};
			buildConfigurationList = EEE74EBA289E4372000E7CEE /* Build configuration list for PBXProject "DFINERY-SDK" */;
			compatibilityVersion = "Xcode 13.0";
			developmentRegion = en;
			hasScannedForEncodings = 0;
			knownRegions = (
				en,
				Base,
			);
			mainGroup = EEE74EB6289E4372000E7CEE;
			productRefGroup = EEE74EC1289E4372000E7CEE /* Products */;
			projectDirPath = "";
			projectRoot = "";
			targets = (
				EEE74EBF289E4372000E7CEE /* DFINERY-SDK */,
			);
		};
/* End PBXProject section */

/* Begin PBXResourcesBuildPhase section */
		EEE74EBE289E4372000E7CEE /* Resources */ = {
			isa = PBXResourcesBuildPhase;
			buildActionMask = 2147483647;
			files = (
			);
			runOnlyForDeploymentPostprocessing = 0;
		};
/* End PBXResourcesBuildPhase section */

/* Begin PBXSourcesBuildPhase section */
		EEE74EBC289E4372000E7CEE /* Sources */ = {
			isa = PBXSourcesBuildPhase;
			buildActionMask = 2147483647;
			files = (
				EEE74F10289E7A6B000E7CEE /* DfineryError.swift in Sources */,
				EEE74F18289E7D65000E7CEE /* DefaultDfineryRepository.swift in Sources */,
				EEE74EF5289E51E9000E7CEE /* CommonRequest.swift in Sources */,
				EEE74EFC289E55A2000E7CEE /* ParamRequest.swift in Sources */,
				EEE74F06289E6990000E7CEE /* BaseURL.swift in Sources */,
				EEE74F04289E5D0C000E7CEE /* IdentityRequst.swift in Sources */,
				EEE74F02289E5D02000E7CEE /* Device_infoRequest.swift in Sources */,
				EEE74EF3289E5108000E7CEE /* EvtRequest.swift in Sources */,
				EEE74F08289E6BB6000E7CEE /* HTTPClient.swift in Sources */,
				EEE74F29289E88F0000E7CEE /* DfineryUseCase.swift in Sources */,
				EEE74EFE289E571D000E7CEE /* User_propertiesRequest.swift in Sources */,
				EEE74F2B289E8DB9000E7CEE /* GetEventRequest.swift in Sources */,
				EEE74EDF289E48BA000E7CEE /* GetEventResponse.swift in Sources */,
				EEE74F00289E5C30000E7CEE /* LocationRequest.swift in Sources */,
				EEE74EDD289E47F8000E7CEE /* GetEventRequest.swift in Sources */,
				EEE74F0E289E6D81000E7CEE /* Remote.swift in Sources */,
			);
			runOnlyForDeploymentPostprocessing = 0;
		};
/* End PBXSourcesBuildPhase section */

/* Begin XCBuildConfiguration section */
		EEE74EC5289E4372000E7CEE /* Debug */ = {
			isa = XCBuildConfiguration;
			buildSettings = {
				ALWAYS_SEARCH_USER_PATHS = NO;
				CLANG_ANALYZER_NONNULL = YES;
				CLANG_ANALYZER_NUMBER_OBJECT_CONVERSION = YES_AGGRESSIVE;
				CLANG_CXX_LANGUAGE_STANDARD = "gnu++17";
				CLANG_ENABLE_MODULES = YES;
				CLANG_ENABLE_OBJC_ARC = YES;
				CLANG_ENABLE_OBJC_WEAK = YES;
				CLANG_WARN_BLOCK_CAPTURE_AUTORELEASING = YES;
				CLANG_WARN_BOOL_CONVERSION = YES;
				CLANG_WARN_COMMA = YES;
				CLANG_WARN_CONSTANT_CONVERSION = YES;
				CLANG_WARN_DEPRECATED_OBJC_IMPLEMENTATIONS = YES;
				CLANG_WARN_DIRECT_OBJC_ISA_USAGE = YES_ERROR;
				CLANG_WARN_DOCUMENTATION_COMMENTS = YES;
				CLANG_WARN_EMPTY_BODY = YES;
				CLANG_WARN_ENUM_CONVERSION = YES;
				CLANG_WARN_INFINITE_RECURSION = YES;
				CLANG_WARN_INT_CONVERSION = YES;
				CLANG_WARN_NON_LITERAL_NULL_CONVERSION = YES;
				CLANG_WARN_OBJC_IMPLICIT_RETAIN_SELF = YES;
				CLANG_WARN_OBJC_LITERAL_CONVERSION = YES;
				CLANG_WARN_OBJC_ROOT_CLASS = YES_ERROR;
				CLANG_WARN_QUOTED_INCLUDE_IN_FRAMEWORK_HEADER = YES;
				CLANG_WARN_RANGE_LOOP_ANALYSIS = YES;
				CLANG_WARN_STRICT_PROTOTYPES = YES;
				CLANG_WARN_SUSPICIOUS_MOVE = YES;
				CLANG_WARN_UNGUARDED_AVAILABILITY = YES_AGGRESSIVE;
				CLANG_WARN_UNREACHABLE_CODE = YES;
				CLANG_WARN__DUPLICATE_METHOD_MATCH = YES;
				COPY_PHASE_STRIP = NO;
				CURRENT_PROJECT_VERSION = 1;
				DEBUG_INFORMATION_FORMAT = dwarf;
				ENABLE_STRICT_OBJC_MSGSEND = YES;
				ENABLE_TESTABILITY = YES;
				GCC_C_LANGUAGE_STANDARD = gnu11;
				GCC_DYNAMIC_NO_PIC = NO;
				GCC_NO_COMMON_BLOCKS = YES;
				GCC_OPTIMIZATION_LEVEL = 0;
				GCC_PREPROCESSOR_DEFINITIONS = (
					"DEBUG=1",
					"$(inherited)",
				);
				GCC_WARN_64_TO_32_BIT_CONVERSION = YES;
				GCC_WARN_ABOUT_RETURN_TYPE = YES_ERROR;
				GCC_WARN_UNDECLARED_SELECTOR = YES;
				GCC_WARN_UNINITIALIZED_AUTOS = YES_AGGRESSIVE;
				GCC_WARN_UNUSED_FUNCTION = YES;
				GCC_WARN_UNUSED_VARIABLE = YES;
				IPHONEOS_DEPLOYMENT_TARGET = 15.5;
				MTL_ENABLE_DEBUG_INFO = INCLUDE_SOURCE;
				MTL_FAST_MATH = YES;
				ONLY_ACTIVE_ARCH = YES;
				SDKROOT = iphoneos;
				SWIFT_ACTIVE_COMPILATION_CONDITIONS = DEBUG;
				SWIFT_OPTIMIZATION_LEVEL = "-Onone";
				VERSIONING_SYSTEM = "apple-generic";
				VERSION_INFO_PREFIX = "";
			};
			name = Debug;
		};
		EEE74EC6289E4372000E7CEE /* Release */ = {
			isa = XCBuildConfiguration;
			buildSettings = {
				ALWAYS_SEARCH_USER_PATHS = NO;
				CLANG_ANALYZER_NONNULL = YES;
				CLANG_ANALYZER_NUMBER_OBJECT_CONVERSION = YES_AGGRESSIVE;
				CLANG_CXX_LANGUAGE_STANDARD = "gnu++17";
				CLANG_ENABLE_MODULES = YES;
				CLANG_ENABLE_OBJC_ARC = YES;
				CLANG_ENABLE_OBJC_WEAK = YES;
				CLANG_WARN_BLOCK_CAPTURE_AUTORELEASING = YES;
				CLANG_WARN_BOOL_CONVERSION = YES;
				CLANG_WARN_COMMA = YES;
				CLANG_WARN_CONSTANT_CONVERSION = YES;
				CLANG_WARN_DEPRECATED_OBJC_IMPLEMENTATIONS = YES;
				CLANG_WARN_DIRECT_OBJC_ISA_USAGE = YES_ERROR;
				CLANG_WARN_DOCUMENTATION_COMMENTS = YES;
				CLANG_WARN_EMPTY_BODY = YES;
				CLANG_WARN_ENUM_CONVERSION = YES;
				CLANG_WARN_INFINITE_RECURSION = YES;
				CLANG_WARN_INT_CONVERSION = YES;
				CLANG_WARN_NON_LITERAL_NULL_CONVERSION = YES;
				CLANG_WARN_OBJC_IMPLICIT_RETAIN_SELF = YES;
				CLANG_WARN_OBJC_LITERAL_CONVERSION = YES;
				CLANG_WARN_OBJC_ROOT_CLASS = YES_ERROR;
				CLANG_WARN_QUOTED_INCLUDE_IN_FRAMEWORK_HEADER = YES;
				CLANG_WARN_RANGE_LOOP_ANALYSIS = YES;
				CLANG_WARN_STRICT_PROTOTYPES = YES;
				CLANG_WARN_SUSPICIOUS_MOVE = YES;
				CLANG_WARN_UNGUARDED_AVAILABILITY = YES_AGGRESSIVE;
				CLANG_WARN_UNREACHABLE_CODE = YES;
				CLANG_WARN__DUPLICATE_METHOD_MATCH = YES;
				COPY_PHASE_STRIP = NO;
				CURRENT_PROJECT_VERSION = 1;
				DEBUG_INFORMATION_FORMAT = "dwarf-with-dsym";
				ENABLE_NS_ASSERTIONS = NO;
				ENABLE_STRICT_OBJC_MSGSEND = YES;
				GCC_C_LANGUAGE_STANDARD = gnu11;
				GCC_NO_COMMON_BLOCKS = YES;
				GCC_WARN_64_TO_32_BIT_CONVERSION = YES;
				GCC_WARN_ABOUT_RETURN_TYPE = YES_ERROR;
				GCC_WARN_UNDECLARED_SELECTOR = YES;
				GCC_WARN_UNINITIALIZED_AUTOS = YES_AGGRESSIVE;
				GCC_WARN_UNUSED_FUNCTION = YES;
				GCC_WARN_UNUSED_VARIABLE = YES;
				IPHONEOS_DEPLOYMENT_TARGET = 15.5;
				MTL_ENABLE_DEBUG_INFO = NO;
				MTL_FAST_MATH = YES;
				SDKROOT = iphoneos;
				SWIFT_COMPILATION_MODE = wholemodule;
				SWIFT_OPTIMIZATION_LEVEL = "-O";
				VALIDATE_PRODUCT = YES;
				VERSIONING_SYSTEM = "apple-generic";
				VERSION_INFO_PREFIX = "";
			};
			name = Release;
		};
		EEE74EC8289E4372000E7CEE /* Debug */ = {
			isa = XCBuildConfiguration;
			buildSettings = {
				CLANG_ENABLE_MODULES = YES;
				CODE_SIGN_STYLE = Automatic;
				CURRENT_PROJECT_VERSION = 1;
				DEFINES_MODULE = YES;
				DEVELOPMENT_TEAM = Q2JZBR7H7Y;
				DYLIB_COMPATIBILITY_VERSION = 1;
				DYLIB_CURRENT_VERSION = 1;
				DYLIB_INSTALL_NAME_BASE = "@rpath";
				GENERATE_INFOPLIST_FILE = YES;
				INFOPLIST_KEY_NSHumanReadableCopyright = "";
				INSTALL_PATH = "$(LOCAL_LIBRARY_DIR)/Frameworks";
				LD_RUNPATH_SEARCH_PATHS = (
					"$(inherited)",
					"@executable_path/Frameworks",
					"@loader_path/Frameworks",
				);
				MARKETING_VERSION = 1.0;
				PRODUCT_BUNDLE_IDENTIFIER = "JiHoonAHN.DFINERY-SDK";
				PRODUCT_NAME = "$(TARGET_NAME:c99extidentifier)";
				SKIP_INSTALL = YES;
				SWIFT_EMIT_LOC_STRINGS = YES;
				SWIFT_OPTIMIZATION_LEVEL = "-Onone";
				SWIFT_VERSION = 5.0;
				TARGETED_DEVICE_FAMILY = "1,2";
			};
			name = Debug;
		};
		EEE74EC9289E4372000E7CEE /* Release */ = {
			isa = XCBuildConfiguration;
			buildSettings = {
				CLANG_ENABLE_MODULES = YES;
				CODE_SIGN_STYLE = Automatic;
				CURRENT_PROJECT_VERSION = 1;
				DEFINES_MODULE = YES;
				DEVELOPMENT_TEAM = Q2JZBR7H7Y;
				DYLIB_COMPATIBILITY_VERSION = 1;
				DYLIB_CURRENT_VERSION = 1;
				DYLIB_INSTALL_NAME_BASE = "@rpath";
				GENERATE_INFOPLIST_FILE = YES;
				INFOPLIST_KEY_NSHumanReadableCopyright = "";
				INSTALL_PATH = "$(LOCAL_LIBRARY_DIR)/Frameworks";
				LD_RUNPATH_SEARCH_PATHS = (
					"$(inherited)",
					"@executable_path/Frameworks",
					"@loader_path/Frameworks",
				);
				MARKETING_VERSION = 1.0;
				PRODUCT_BUNDLE_IDENTIFIER = "JiHoonAHN.DFINERY-SDK";
				PRODUCT_NAME = "$(TARGET_NAME:c99extidentifier)";
				SKIP_INSTALL = YES;
				SWIFT_EMIT_LOC_STRINGS = YES;
				SWIFT_VERSION = 5.0;
				TARGETED_DEVICE_FAMILY = "1,2";
			};
			name = Release;
		};
/* End XCBuildConfiguration section */

/* Begin XCConfigurationList section */
		EEE74EBA289E4372000E7CEE /* Build configuration list for PBXProject "DFINERY-SDK" */ = {
			isa = XCConfigurationList;
			buildConfigurations = (
				EEE74EC5289E4372000E7CEE /* Debug */,
				EEE74EC6289E4372000E7CEE /* Release */,
			);
			defaultConfigurationIsVisible = 0;
			defaultConfigurationName = Release;
		};
		EEE74EC7289E4372000E7CEE /* Build configuration list for PBXNativeTarget "DFINERY-SDK" */ = {
			isa = XCConfigurationList;
			buildConfigurations = (
				EEE74EC8289E4372000E7CEE /* Debug */,
				EEE74EC9289E4372000E7CEE /* Release */,
			);
			defaultConfigurationIsVisible = 0;
			defaultConfigurationName = Release;
		};
/* End XCConfigurationList section */
	};
	rootObject = EEE74EB7289E4372000E7CEE /* Project object */;
}
